
Microsoft Visual Studio Solution File, Format Version 12.00
# Visual Studio Version 17
VisualStudioVersion = 17.14.36109.1 d17.14
MinimumVisualStudioVersion = 10.0.40219.1
Project("{FAE04EC0-301F-11D3-BF4B-00C04F79EFBC}") = "CRUDtesting", "CRUDtesting\CRUDtesting.csproj", "{2CFEE777-5212-46D1-9FA0-FF611868C9F9}"
EndProject
Global
	GlobalSection(SolutionConfigurationPlatforms) = preSolution
		Debug|Any CPU = Debug|Any CPU
		Release|Any CPU = Release|Any CPU
	EndGlobalSection
	GlobalSection(ProjectConfigurationPlatforms) = postSolution
		{2CFEE777-5212-46D1-9FA0-FF611868C9F9}.Debug|Any CPU.ActiveCfg = Debug|Any CPU
		{2CFEE777-5212-46D1-9FA0-FF611868C9F9}.Debug|Any CPU.Build.0 = Debug|Any CPU
		{2CFEE777-5212-46D1-9FA0-FF611868C9F9}.Release|Any CPU.ActiveCfg = Release|Any CPU
		{2CFEE777-5212-46D1-9FA0-FF611868C9F9}.Release|Any CPU.Build.0 = Release|Any CPU
	EndGlobalSection
	GlobalSection(SolutionProperties) = preSolution
		HideSolutionNode = FALSE
	EndGlobalSection
	GlobalSection(ExtensibilityGlobals) = postSolution
		SolutionGuid = {E6C6430A-F00F-41D3-8E0E-4AE68E464D52}
	EndGlobalSection
EndGlobal
